// !$*UTF8*$!
{
	archiveVersion = 1;
	classes = {
	};
	objectVersion = 52;
	objects = {

/* Begin PBXBuildFile section */
		E572EB0126D716B7003AC76C /* GoogleDriveOriginalURLApp.swift in Sources */ = {isa = PBXBuildFile; fileRef = E572EB0026D716B7003AC76C /* GoogleDriveOriginalURLApp.swift */; };
		E572EB0326D716B7003AC76C /* ContentView.swift in Sources */ = {isa = PBXBuildFile; fileRef = E572EB0226D716B7003AC76C /* ContentView.swift */; };
		E572EB0526D716B8003AC76C /* Assets.xcassets in Resources */ = {isa = PBXBuildFile; fileRef = E572EB0426D716B8003AC76C /* Assets.xcassets */; };
		E572EB0826D716B8003AC76C /* Preview Assets.xcassets in Resources */ = {isa = PBXBuildFile; fileRef = E572EB0726D716B8003AC76C /* Preview Assets.xcassets */; };
		E572EB1F26D716B8003AC76C /* googleDriveOriginalURLUITests.swift in Sources */ = {isa = PBXBuildFile; fileRef = E572EB1E26D716B8003AC76C /* googleDriveOriginalURLUITests.swift */; };
		E572EB2D26D719D3003AC76C /* URLInputView.swift in Sources */ = {isa = PBXBuildFile; fileRef = E572EB2C26D719D3003AC76C /* URLInputView.swift */; };
		E572EB3126D71BDE003AC76C /* URLInputViewModel.swift in Sources */ = {isa = PBXBuildFile; fileRef = E572EB3026D71BDE003AC76C /* URLInputViewModel.swift */; };
		E572EB3326D71C1B003AC76C /* URLConvertService.swift in Sources */ = {isa = PBXBuildFile; fileRef = E572EB3226D71C1B003AC76C /* URLConvertService.swift */; };
		E572EB3526D71E3D003AC76C /* URLConvertServiceSpec.swift in Sources */ = {isa = PBXBuildFile; fileRef = E572EB3426D71E3D003AC76C /* URLConvertServiceSpec.swift */; };
		E572EB3E26D728D6003AC76C /* Nimble in Frameworks */ = {isa = PBXBuildFile; productRef = E572EB3D26D728D6003AC76C /* Nimble */; };
		E572EB4126D728E8003AC76C /* Quick in Frameworks */ = {isa = PBXBuildFile; productRef = E572EB4026D728E8003AC76C /* Quick */; };
		E572EB4326D741F5003AC76C /* URLInputViewModelSpec.swift in Sources */ = {isa = PBXBuildFile; fileRef = E572EB4226D741F5003AC76C /* URLInputViewModelSpec.swift */; };
		E572EB4526D7431C003AC76C /* BottomView.swift in Sources */ = {isa = PBXBuildFile; fileRef = E572EB4426D7431C003AC76C /* BottomView.swift */; };
/* End PBXBuildFile section */

/* Begin PBXContainerItemProxy section */
		E572EB1026D716B8003AC76C /* PBXContainerItemProxy */ = {
			isa = PBXContainerItemProxy;
			containerPortal = E572EAF526D716B7003AC76C /* Project object */;
			proxyType = 1;
			remoteGlobalIDString = E572EAFC26D716B7003AC76C;
			remoteInfo = googleDriveOriginalURL;
		};
		E572EB1B26D716B8003AC76C /* PBXContainerItemProxy */ = {
			isa = PBXContainerItemProxy;
			containerPortal = E572EAF526D716B7003AC76C /* Project object */;
			proxyType = 1;
			remoteGlobalIDString = E572EAFC26D716B7003AC76C;
			remoteInfo = googleDriveOriginalURL;
		};
/* End PBXContainerItemProxy section */

/* Begin PBXFileReference section */
		E572EAFD26D716B7003AC76C /* GoogleDriveOriginalURL.app */ = {isa = PBXFileReference; explicitFileType = wrapper.application; includeInIndex = 0; path = GoogleDriveOriginalURL.app; sourceTree = BUILT_PRODUCTS_DIR; };
		E572EB0026D716B7003AC76C /* GoogleDriveOriginalURLApp.swift */ = {isa = PBXFileReference; lastKnownFileType = sourcecode.swift; path = GoogleDriveOriginalURLApp.swift; sourceTree = "<group>"; };
		E572EB0226D716B7003AC76C /* ContentView.swift */ = {isa = PBXFileReference; lastKnownFileType = sourcecode.swift; path = ContentView.swift; sourceTree = "<group>"; };
		E572EB0426D716B8003AC76C /* Assets.xcassets */ = {isa = PBXFileReference; lastKnownFileType = folder.assetcatalog; path = Assets.xcassets; sourceTree = "<group>"; };
		E572EB0726D716B8003AC76C /* Preview Assets.xcassets */ = {isa = PBXFileReference; lastKnownFileType = folder.assetcatalog; path = "Preview Assets.xcassets"; sourceTree = "<group>"; };
		E572EB0926D716B8003AC76C /* Info.plist */ = {isa = PBXFileReference; lastKnownFileType = text.plist.xml; path = Info.plist; sourceTree = "<group>"; };
		E572EB0A26D716B8003AC76C /* googleDriveOriginalURL.entitlements */ = {isa = PBXFileReference; lastKnownFileType = text.plist.entitlements; path = googleDriveOriginalURL.entitlements; sourceTree = "<group>"; };
		E572EB0F26D716B8003AC76C /* GoogleDriveOriginalURLTests.xctest */ = {isa = PBXFileReference; explicitFileType = wrapper.cfbundle; includeInIndex = 0; path = GoogleDriveOriginalURLTests.xctest; sourceTree = BUILT_PRODUCTS_DIR; };
		E572EB1526D716B8003AC76C /* Info.plist */ = {isa = PBXFileReference; lastKnownFileType = text.plist.xml; path = Info.plist; sourceTree = "<group>"; };
		E572EB1A26D716B8003AC76C /* GoogleDriveOriginalURLUITests.xctest */ = {isa = PBXFileReference; explicitFileType = wrapper.cfbundle; includeInIndex = 0; path = GoogleDriveOriginalURLUITests.xctest; sourceTree = BUILT_PRODUCTS_DIR; };
		E572EB1E26D716B8003AC76C /* googleDriveOriginalURLUITests.swift */ = {isa = PBXFileReference; lastKnownFileType = sourcecode.swift; path = googleDriveOriginalURLUITests.swift; sourceTree = "<group>"; };
		E572EB2026D716B8003AC76C /* Info.plist */ = {isa = PBXFileReference; lastKnownFileType = text.plist.xml; path = Info.plist; sourceTree = "<group>"; };
		E572EB2C26D719D3003AC76C /* URLInputView.swift */ = {isa = PBXFileReference; indentWidth = 2; lastKnownFileType = sourcecode.swift; path = URLInputView.swift; sourceTree = "<group>"; tabWidth = 2; };
		E572EB3026D71BDE003AC76C /* URLInputViewModel.swift */ = {isa = PBXFileReference; lastKnownFileType = sourcecode.swift; path = URLInputViewModel.swift; sourceTree = "<group>"; };
		E572EB3226D71C1B003AC76C /* URLConvertService.swift */ = {isa = PBXFileReference; lastKnownFileType = sourcecode.swift; path = URLConvertService.swift; sourceTree = "<group>"; };
		E572EB3426D71E3D003AC76C /* URLConvertServiceSpec.swift */ = {isa = PBXFileReference; lastKnownFileType = sourcecode.swift; path = URLConvertServiceSpec.swift; sourceTree = "<group>"; };
		E572EB4226D741F5003AC76C /* URLInputViewModelSpec.swift */ = {isa = PBXFileReference; lastKnownFileType = sourcecode.swift; path = URLInputViewModelSpec.swift; sourceTree = "<group>"; };
		E572EB4426D7431C003AC76C /* BottomView.swift */ = {isa = PBXFileReference; lastKnownFileType = sourcecode.swift; path = BottomView.swift; sourceTree = "<group>"; };
/* End PBXFileReference section */

/* Begin PBXFrameworksBuildPhase section */
		E572EAFA26D716B7003AC76C /* Frameworks */ = {
			isa = PBXFrameworksBuildPhase;
			buildActionMask = 2147483647;
			files = (
			);
			runOnlyForDeploymentPostprocessing = 0;
		};
		E572EB0C26D716B8003AC76C /* Frameworks */ = {
			isa = PBXFrameworksBuildPhase;
			buildActionMask = 2147483647;
			files = (
				E572EB4126D728E8003AC76C /* Quick in Frameworks */,
				E572EB3E26D728D6003AC76C /* Nimble in Frameworks */,
			);
			runOnlyForDeploymentPostprocessing = 0;
		};
		E572EB1726D716B8003AC76C /* Frameworks */ = {
			isa = PBXFrameworksBuildPhase;
			buildActionMask = 2147483647;
			files = (
			);
			runOnlyForDeploymentPostprocessing = 0;
		};
/* End PBXFrameworksBuildPhase section */

/* Begin PBXGroup section */
		E572EAF426D716B7003AC76C = {
			isa = PBXGroup;
			children = (
				E572EAFF26D716B7003AC76C /* GoogleDriveOriginalURL */,
				E572EB1226D716B8003AC76C /* GoogleDriveOriginalURLTests */,
				E572EB1D26D716B8003AC76C /* GoogleDriveOriginalURLUITests */,
				E572EAFE26D716B7003AC76C /* Products */,
			);
			indentWidth = 2;
			sourceTree = "<group>";
			tabWidth = 2;
		};
		E572EAFE26D716B7003AC76C /* Products */ = {
			isa = PBXGroup;
			children = (
				E572EAFD26D716B7003AC76C /* GoogleDriveOriginalURL.app */,
				E572EB0F26D716B8003AC76C /* GoogleDriveOriginalURLTests.xctest */,
				E572EB1A26D716B8003AC76C /* GoogleDriveOriginalURLUITests.xctest */,
			);
			name = Products;
			sourceTree = "<group>";
		};
		E572EAFF26D716B7003AC76C /* GoogleDriveOriginalURL */ = {
			isa = PBXGroup;
			children = (
				E572EB0026D716B7003AC76C /* GoogleDriveOriginalURLApp.swift */,
				E572EB0226D716B7003AC76C /* ContentView.swift */,
				E572EB2C26D719D3003AC76C /* URLInputView.swift */,
				E572EB3026D71BDE003AC76C /* URLInputViewModel.swift */,
				E572EB3226D71C1B003AC76C /* URLConvertService.swift */,
				E572EB4426D7431C003AC76C /* BottomView.swift */,
				E572EB0426D716B8003AC76C /* Assets.xcassets */,
				E572EB0926D716B8003AC76C /* Info.plist */,
				E572EB0A26D716B8003AC76C /* googleDriveOriginalURL.entitlements */,
				E572EB0626D716B8003AC76C /* Preview Content */,
			);
			path = GoogleDriveOriginalURL;
			sourceTree = "<group>";
		};
		E572EB0626D716B8003AC76C /* Preview Content */ = {
			isa = PBXGroup;
			children = (
				E572EB0726D716B8003AC76C /* Preview Assets.xcassets */,
			);
			path = "Preview Content";
			sourceTree = "<group>";
		};
		E572EB1226D716B8003AC76C /* GoogleDriveOriginalURLTests */ = {
			isa = PBXGroup;
			children = (
				E572EB3426D71E3D003AC76C /* URLConvertServiceSpec.swift */,
				E572EB4226D741F5003AC76C /* URLInputViewModelSpec.swift */,
				E572EB1526D716B8003AC76C /* Info.plist */,
			);
			path = GoogleDriveOriginalURLTests;
			sourceTree = "<group>";
		};
		E572EB1D26D716B8003AC76C /* GoogleDriveOriginalURLUITests */ = {
			isa = PBXGroup;
			children = (
				E572EB1E26D716B8003AC76C /* googleDriveOriginalURLUITests.swift */,
				E572EB2026D716B8003AC76C /* Info.plist */,
			);
			path = GoogleDriveOriginalURLUITests;
			sourceTree = "<group>";
		};
/* End PBXGroup section */

/* Begin PBXNativeTarget section */
		E572EAFC26D716B7003AC76C /* GoogleDriveOriginalURL */ = {
			isa = PBXNativeTarget;
			buildConfigurationList = E572EB2326D716B9003AC76C /* Build configuration list for PBXNativeTarget "GoogleDriveOriginalURL" */;
			buildPhases = (
				E572EAF926D716B7003AC76C /* Sources */,
				E572EAFA26D716B7003AC76C /* Frameworks */,
				E572EAFB26D716B7003AC76C /* Resources */,
			);
			buildRules = (
			);
			dependencies = (
			);
			name = GoogleDriveOriginalURL;
			productName = googleDriveOriginalURL;
			productReference = E572EAFD26D716B7003AC76C /* GoogleDriveOriginalURL.app */;
			productType = "com.apple.product-type.application";
		};
		E572EB0E26D716B8003AC76C /* GoogleDriveOriginalURLTests */ = {
			isa = PBXNativeTarget;
			buildConfigurationList = E572EB2626D716B9003AC76C /* Build configuration list for PBXNativeTarget "GoogleDriveOriginalURLTests" */;
			buildPhases = (
				E572EB0B26D716B8003AC76C /* Sources */,
				E572EB0C26D716B8003AC76C /* Frameworks */,
				E572EB0D26D716B8003AC76C /* Resources */,
			);
			buildRules = (
			);
			dependencies = (
				E572EB1126D716B8003AC76C /* PBXTargetDependency */,
			);
			name = GoogleDriveOriginalURLTests;
			packageProductDependencies = (
				E572EB3D26D728D6003AC76C /* Nimble */,
				E572EB4026D728E8003AC76C /* Quick */,
			);
			productName = googleDriveOriginalURLTests;
			productReference = E572EB0F26D716B8003AC76C /* GoogleDriveOriginalURLTests.xctest */;
			productType = "com.apple.product-type.bundle.unit-test";
		};
		E572EB1926D716B8003AC76C /* GoogleDriveOriginalURLUITests */ = {
			isa = PBXNativeTarget;
			buildConfigurationList = E572EB2926D716B9003AC76C /* Build configuration list for PBXNativeTarget "GoogleDriveOriginalURLUITests" */;
			buildPhases = (
				E572EB1626D716B8003AC76C /* Sources */,
				E572EB1726D716B8003AC76C /* Frameworks */,
				E572EB1826D716B8003AC76C /* Resources */,
			);
			buildRules = (
			);
			dependencies = (
				E572EB1C26D716B8003AC76C /* PBXTargetDependency */,
			);
			name = GoogleDriveOriginalURLUITests;
			productName = googleDriveOriginalURLUITests;
			productReference = E572EB1A26D716B8003AC76C /* GoogleDriveOriginalURLUITests.xctest */;
			productType = "com.apple.product-type.bundle.ui-testing";
		};
/* End PBXNativeTarget section */

/* Begin PBXProject section */
		E572EAF526D716B7003AC76C /* Project object */ = {
			isa = PBXProject;
			attributes = {
				LastSwiftUpdateCheck = 1250;
				LastUpgradeCheck = 1250;
				TargetAttributes = {
					E572EAFC26D716B7003AC76C = {
						CreatedOnToolsVersion = 12.5.1;
					};
					E572EB0E26D716B8003AC76C = {
						CreatedOnToolsVersion = 12.5.1;
						TestTargetID = E572EAFC26D716B7003AC76C;
					};
					E572EB1926D716B8003AC76C = {
						CreatedOnToolsVersion = 12.5.1;
						TestTargetID = E572EAFC26D716B7003AC76C;
					};
				};
			};
			buildConfigurationList = E572EAF826D716B7003AC76C /* Build configuration list for PBXProject "GoogleDriveOriginalURL" */;
			compatibilityVersion = "Xcode 9.3";
			developmentRegion = en;
			hasScannedForEncodings = 0;
			knownRegions = (
				en,
				Base,
			);
			mainGroup = E572EAF426D716B7003AC76C;
			packageReferences = (
				E572EB3C26D728D6003AC76C /* XCRemoteSwiftPackageReference "Nimble" */,
				E572EB3F26D728E8003AC76C /* XCRemoteSwiftPackageReference "Quick" */,
			);
			productRefGroup = E572EAFE26D716B7003AC76C /* Products */;
			projectDirPath = "";
			projectRoot = "";
			targets = (
				E572EAFC26D716B7003AC76C /* GoogleDriveOriginalURL */,
				E572EB0E26D716B8003AC76C /* GoogleDriveOriginalURLTests */,
				E572EB1926D716B8003AC76C /* GoogleDriveOriginalURLUITests */,
			);
		};
/* End PBXProject section */

/* Begin PBXResourcesBuildPhase section */
		E572EAFB26D716B7003AC76C /* Resources */ = {
			isa = PBXResourcesBuildPhase;
			buildActionMask = 2147483647;
			files = (
				E572EB0826D716B8003AC76C /* Preview Assets.xcassets in Resources */,
				E572EB0526D716B8003AC76C /* Assets.xcassets in Resources */,
			);
			runOnlyForDeploymentPostprocessing = 0;
		};
		E572EB0D26D716B8003AC76C /* Resources */ = {
			isa = PBXResourcesBuildPhase;
			buildActionMask = 2147483647;
			files = (
			);
			runOnlyForDeploymentPostprocessing = 0;
		};
		E572EB1826D716B8003AC76C /* Resources */ = {
			isa = PBXResourcesBuildPhase;
			buildActionMask = 2147483647;
			files = (
			);
			runOnlyForDeploymentPostprocessing = 0;
		};
/* End PBXResourcesBuildPhase section */

/* Begin PBXSourcesBuildPhase section */
		E572EAF926D716B7003AC76C /* Sources */ = {
			isa = PBXSourcesBuildPhase;
			buildActionMask = 2147483647;
			files = (
				E572EB0326D716B7003AC76C /* ContentView.swift in Sources */,
				E572EB3326D71C1B003AC76C /* URLConvertService.swift in Sources */,
				E572EB0126D716B7003AC76C /* GoogleDriveOriginalURLApp.swift in Sources */,
				E572EB4526D7431C003AC76C /* BottomView.swift in Sources */,
				E572EB3126D71BDE003AC76C /* URLInputViewModel.swift in Sources */,
				E572EB2D26D719D3003AC76C /* URLInputView.swift in Sources */,
			);
			runOnlyForDeploymentPostprocessing = 0;
		};
		E572EB0B26D716B8003AC76C /* Sources */ = {
			isa = PBXSourcesBuildPhase;
			buildActionMask = 2147483647;
			files = (
				E572EB4326D741F5003AC76C /* URLInputViewModelSpec.swift in Sources */,
				E572EB3526D71E3D003AC76C /* URLConvertServiceSpec.swift in Sources */,
			);
			runOnlyForDeploymentPostprocessing = 0;
		};
		E572EB1626D716B8003AC76C /* Sources */ = {
			isa = PBXSourcesBuildPhase;
			buildActionMask = 2147483647;
			files = (
				E572EB1F26D716B8003AC76C /* googleDriveOriginalURLUITests.swift in Sources */,
			);
			runOnlyForDeploymentPostprocessing = 0;
		};
/* End PBXSourcesBuildPhase section */

/* Begin PBXTargetDependency section */
		E572EB1126D716B8003AC76C /* PBXTargetDependency */ = {
			isa = PBXTargetDependency;
			target = E572EAFC26D716B7003AC76C /* GoogleDriveOriginalURL */;
			targetProxy = E572EB1026D716B8003AC76C /* PBXContainerItemProxy */;
		};
		E572EB1C26D716B8003AC76C /* PBXTargetDependency */ = {
			isa = PBXTargetDependency;
			target = E572EAFC26D716B7003AC76C /* GoogleDriveOriginalURL */;
			targetProxy = E572EB1B26D716B8003AC76C /* PBXContainerItemProxy */;
		};
/* End PBXTargetDependency section */

/* Begin XCBuildConfiguration section */
		E572EB2126D716B8003AC76C /* Debug */ = {
			isa = XCBuildConfiguration;
			buildSettings = {
				ALWAYS_SEARCH_USER_PATHS = NO;
				CLANG_ANALYZER_NONNULL = YES;
				CLANG_ANALYZER_NUMBER_OBJECT_CONVERSION = YES_AGGRESSIVE;
				CLANG_CXX_LANGUAGE_STANDARD = "gnu++14";
				CLANG_CXX_LIBRARY = "libc++";
				CLANG_ENABLE_MODULES = YES;
				CLANG_ENABLE_OBJC_ARC = YES;
				CLANG_ENABLE_OBJC_WEAK = YES;
				CLANG_WARN_BLOCK_CAPTURE_AUTORELEASING = YES;
				CLANG_WARN_BOOL_CONVERSION = YES;
				CLANG_WARN_COMMA = YES;
				CLANG_WARN_CONSTANT_CONVERSION = YES;
				CLANG_WARN_DEPRECATED_OBJC_IMPLEMENTATIONS = YES;
				CLANG_WARN_DIRECT_OBJC_ISA_USAGE = YES_ERROR;
				CLANG_WARN_DOCUMENTATION_COMMENTS = YES;
				CLANG_WARN_EMPTY_BODY = YES;
				CLANG_WARN_ENUM_CONVERSION = YES;
				CLANG_WARN_INFINITE_RECURSION = YES;
				CLANG_WARN_INT_CONVERSION = YES;
				CLANG_WARN_NON_LITERAL_NULL_CONVERSION = YES;
				CLANG_WARN_OBJC_IMPLICIT_RETAIN_SELF = YES;
				CLANG_WARN_OBJC_LITERAL_CONVERSION = YES;
				CLANG_WARN_OBJC_ROOT_CLASS = YES_ERROR;
				CLANG_WARN_QUOTED_INCLUDE_IN_FRAMEWORK_HEADER = YES;
				CLANG_WARN_RANGE_LOOP_ANALYSIS = YES;
				CLANG_WARN_STRICT_PROTOTYPES = YES;
				CLANG_WARN_SUSPICIOUS_MOVE = YES;
				CLANG_WARN_UNGUARDED_AVAILABILITY = YES_AGGRESSIVE;
				CLANG_WARN_UNREACHABLE_CODE = YES;
				CLANG_WARN__DUPLICATE_METHOD_MATCH = YES;
				COPY_PHASE_STRIP = NO;
				DEBUG_INFORMATION_FORMAT = dwarf;
				ENABLE_STRICT_OBJC_MSGSEND = YES;
				ENABLE_TESTABILITY = YES;
				GCC_C_LANGUAGE_STANDARD = gnu11;
				GCC_DYNAMIC_NO_PIC = NO;
				GCC_NO_COMMON_BLOCKS = YES;
				GCC_OPTIMIZATION_LEVEL = 0;
				GCC_PREPROCESSOR_DEFINITIONS = (
					"DEBUG=1",
					"$(inherited)",
				);
				GCC_WARN_64_TO_32_BIT_CONVERSION = YES;
				GCC_WARN_ABOUT_RETURN_TYPE = YES_ERROR;
				GCC_WARN_UNDECLARED_SELECTOR = YES;
				GCC_WARN_UNINITIALIZED_AUTOS = YES_AGGRESSIVE;
				GCC_WARN_UNUSED_FUNCTION = YES;
				GCC_WARN_UNUSED_VARIABLE = YES;
				MACOSX_DEPLOYMENT_TARGET = 11.3;
				MTL_ENABLE_DEBUG_INFO = INCLUDE_SOURCE;
				MTL_FAST_MATH = YES;
				ONLY_ACTIVE_ARCH = YES;
				SDKROOT = macosx;
				SWIFT_ACTIVE_COMPILATION_CONDITIONS = DEBUG;
				SWIFT_OPTIMIZATION_LEVEL = "-Onone";
			};
			name = Debug;
		};
		E572EB2226D716B8003AC76C /* Release */ = {
			isa = XCBuildConfiguration;
			buildSettings = {
				ALWAYS_SEARCH_USER_PATHS = NO;
				CLANG_ANALYZER_NONNULL = YES;
				CLANG_ANALYZER_NUMBER_OBJECT_CONVERSION = YES_AGGRESSIVE;
				CLANG_CXX_LANGUAGE_STANDARD = "gnu++14";
				CLANG_CXX_LIBRARY = "libc++";
				CLANG_ENABLE_MODULES = YES;
				CLANG_ENABLE_OBJC_ARC = YES;
				CLANG_ENABLE_OBJC_WEAK = YES;
				CLANG_WARN_BLOCK_CAPTURE_AUTORELEASING = YES;
				CLANG_WARN_BOOL_CONVERSION = YES;
				CLANG_WARN_COMMA = YES;
				CLANG_WARN_CONSTANT_CONVERSION = YES;
				CLANG_WARN_DEPRECATED_OBJC_IMPLEMENTATIONS = YES;
				CLANG_WARN_DIRECT_OBJC_ISA_USAGE = YES_ERROR;
				CLANG_WARN_DOCUMENTATION_COMMENTS = YES;
				CLANG_WARN_EMPTY_BODY = YES;
				CLANG_WARN_ENUM_CONVERSION = YES;
				CLANG_WARN_INFINITE_RECURSION = YES;
				CLANG_WARN_INT_CONVERSION = YES;
				CLANG_WARN_NON_LITERAL_NULL_CONVERSION = YES;
				CLANG_WARN_OBJC_IMPLICIT_RETAIN_SELF = YES;
				CLANG_WARN_OBJC_LITERAL_CONVERSION = YES;
				CLANG_WARN_OBJC_ROOT_CLASS = YES_ERROR;
				CLANG_WARN_QUOTED_INCLUDE_IN_FRAMEWORK_HEADER = YES;
				CLANG_WARN_RANGE_LOOP_ANALYSIS = YES;
				CLANG_WARN_STRICT_PROTOTYPES = YES;
				CLANG_WARN_SUSPICIOUS_MOVE = YES;
				CLANG_WARN_UNGUARDED_AVAILABILITY = YES_AGGRESSIVE;
				CLANG_WARN_UNREACHABLE_CODE = YES;
				CLANG_WARN__DUPLICATE_METHOD_MATCH = YES;
				COPY_PHASE_STRIP = NO;
				DEBUG_INFORMATION_FORMAT = "dwarf-with-dsym";
				ENABLE_NS_ASSERTIONS = NO;
				ENABLE_STRICT_OBJC_MSGSEND = YES;
				GCC_C_LANGUAGE_STANDARD = gnu11;
				GCC_NO_COMMON_BLOCKS = YES;
				GCC_WARN_64_TO_32_BIT_CONVERSION = YES;
				GCC_WARN_ABOUT_RETURN_TYPE = YES_ERROR;
				GCC_WARN_UNDECLARED_SELECTOR = YES;
				GCC_WARN_UNINITIALIZED_AUTOS = YES_AGGRESSIVE;
				GCC_WARN_UNUSED_FUNCTION = YES;
				GCC_WARN_UNUSED_VARIABLE = YES;
				MACOSX_DEPLOYMENT_TARGET = 11.3;
				MTL_ENABLE_DEBUG_INFO = NO;
				MTL_FAST_MATH = YES;
				SDKROOT = macosx;
				SWIFT_COMPILATION_MODE = wholemodule;
				SWIFT_OPTIMIZATION_LEVEL = "-O";
			};
			name = Release;
		};
		E572EB2426D716B9003AC76C /* Debug */ = {
			isa = XCBuildConfiguration;
			buildSettings = {
				ASSETCATALOG_COMPILER_APPICON_NAME = AppIcon;
				ASSETCATALOG_COMPILER_GLOBAL_ACCENT_COLOR_NAME = AccentColor;
				CODE_SIGN_ENTITLEMENTS = googleDriveOriginalURL/googleDriveOriginalURL.entitlements;
				CODE_SIGN_STYLE = Automatic;
				COMBINE_HIDPI_IMAGES = YES;
				DEVELOPMENT_ASSET_PATHS = "\"googleDriveOriginalURL/Preview Content\"";
				DEVELOPMENT_TEAM = Y7YQUS95SK;
				ENABLE_HARDENED_RUNTIME = YES;
				ENABLE_PREVIEWS = YES;
				INFOPLIST_FILE = googleDriveOriginalURL/Info.plist;
				LD_RUNPATH_SEARCH_PATHS = (
					"$(inherited)",
					"@executable_path/../Frameworks",
				);
				MACOSX_DEPLOYMENT_TARGET = 11.0;
				PRODUCT_BUNDLE_IDENTIFIER = com.swiftman.googleDriveOriginalURL;
				PRODUCT_NAME = "$(TARGET_NAME)";
				SWIFT_VERSION = 5.0;
			};
			name = Debug;
		};
		E572EB2526D716B9003AC76C /* Release */ = {
			isa = XCBuildConfiguration;
			buildSettings = {
				ASSETCATALOG_COMPILER_APPICON_NAME = AppIcon;
				ASSETCATALOG_COMPILER_GLOBAL_ACCENT_COLOR_NAME = AccentColor;
				CODE_SIGN_ENTITLEMENTS = googleDriveOriginalURL/googleDriveOriginalURL.entitlements;
				CODE_SIGN_STYLE = Automatic;
				COMBINE_HIDPI_IMAGES = YES;
				DEVELOPMENT_ASSET_PATHS = "\"googleDriveOriginalURL/Preview Content\"";
				DEVELOPMENT_TEAM = Y7YQUS95SK;
				ENABLE_HARDENED_RUNTIME = YES;
				ENABLE_PREVIEWS = YES;
				INFOPLIST_FILE = googleDriveOriginalURL/Info.plist;
				LD_RUNPATH_SEARCH_PATHS = (
					"$(inherited)",
					"@executable_path/../Frameworks",
				);
				MACOSX_DEPLOYMENT_TARGET = 11.0;
				PRODUCT_BUNDLE_IDENTIFIER = com.swiftman.googleDriveOriginalURL;
				PRODUCT_NAME = "$(TARGET_NAME)";
				SWIFT_VERSION = 5.0;
			};
			name = Release;
		};
		E572EB2726D716B9003AC76C /* Debug */ = {
			isa = XCBuildConfiguration;
			buildSettings = {
				ALWAYS_EMBED_SWIFT_STANDARD_LIBRARIES = YES;
				BUNDLE_LOADER = "$(TEST_HOST)";
				CODE_SIGN_STYLE = Manual;
				COMBINE_HIDPI_IMAGES = YES;
				DEVELOPMENT_TEAM = "";
				INFOPLIST_FILE = googleDriveOriginalURLTests/Info.plist;
				LD_RUNPATH_SEARCH_PATHS = (
					"$(inherited)",
					"@executable_path/../Frameworks",
					"@loader_path/../Frameworks",
				);
				MACOSX_DEPLOYMENT_TARGET = 11.0;
				PRODUCT_BUNDLE_IDENTIFIER = com.swiftman.googleDriveOriginalURLTests;
				PRODUCT_NAME = "$(TARGET_NAME)";
				PROVISIONING_PROFILE_SPECIFIER = "";
				SWIFT_VERSION = 5.0;
				TEST_HOST = "$(BUILT_PRODUCTS_DIR)/GoogleDriveOriginalURL.app/Contents/MacOS/GoogleDriveOriginalURL";
			};
			name = Debug;
		};
		E572EB2826D716B9003AC76C /* Release */ = {
			isa = XCBuildConfiguration;
			buildSettings = {
				ALWAYS_EMBED_SWIFT_STANDARD_LIBRARIES = YES;
				BUNDLE_LOADER = "$(TEST_HOST)";
				CODE_SIGN_STYLE = Manual;
				COMBINE_HIDPI_IMAGES = YES;
				DEVELOPMENT_TEAM = "";
				INFOPLIST_FILE = googleDriveOriginalURLTests/Info.plist;
				LD_RUNPATH_SEARCH_PATHS = (
					"$(inherited)",
					"@executable_path/../Frameworks",
					"@loader_path/../Frameworks",
				);
				MACOSX_DEPLOYMENT_TARGET = 11.0;
				PRODUCT_BUNDLE_IDENTIFIER = com.swiftman.googleDriveOriginalURLTests;
				PRODUCT_NAME = "$(TARGET_NAME)";
				PROVISIONING_PROFILE_SPECIFIER = "";
				SWIFT_VERSION = 5.0;
				TEST_HOST = "$(BUILT_PRODUCTS_DIR)/GoogleDriveOriginalURL.app/Contents/MacOS/GoogleDriveOriginalURL";
			};
			name = Release;
		};
		E572EB2A26D716B9003AC76C /* Debug */ = {
			isa = XCBuildConfiguration;
			buildSettings = {
				ALWAYS_EMBED_SWIFT_STANDARD_LIBRARIES = YES;
				CODE_SIGN_STYLE = Automatic;
				COMBINE_HIDPI_IMAGES = YES;
				DEVELOPMENT_TEAM = Y7YQUS95SK;
				INFOPLIST_FILE = googleDriveOriginalURLUITests/Info.plist;
				LD_RUNPATH_SEARCH_PATHS = (
					"$(inherited)",
					"@executable_path/../Frameworks",
					"@loader_path/../Frameworks",
				);
				PRODUCT_BUNDLE_IDENTIFIER = com.swiftman.googleDriveOriginalURLUITests;
				PRODUCT_NAME = "$(TARGET_NAME)";
				SWIFT_VERSION = 5.0;
				TEST_TARGET_NAME = googleDriveOriginalURL;
			};
			name = Debug;
		};
		E572EB2B26D716B9003AC76C /* Release */ = {
			isa = XCBuildConfiguration;
			buildSettings = {
				ALWAYS_EMBED_SWIFT_STANDARD_LIBRARIES = YES;
				CODE_SIGN_STYLE = Automatic;
				COMBINE_HIDPI_IMAGES = YES;
				DEVELOPMENT_TEAM = Y7YQUS95SK;
				INFOPLIST_FILE = googleDriveOriginalURLUITests/Info.plist;
				LD_RUNPATH_SEARCH_PATHS = (
					"$(inherited)",
					"@executable_path/../Frameworks",
					"@loader_path/../Frameworks",
				);
				PRODUCT_BUNDLE_IDENTIFIER = com.swiftman.googleDriveOriginalURLUITests;
				PRODUCT_NAME = "$(TARGET_NAME)";
				SWIFT_VERSION = 5.0;
				TEST_TARGET_NAME = googleDriveOriginalURL;
			};
			name = Release;
		};
/* End XCBuildConfiguration section */

/* Begin XCConfigurationList section */
		E572EAF826D716B7003AC76C /* Build configuration list for PBXProject "GoogleDriveOriginalURL" */ = {
			isa = XCConfigurationList;
			buildConfigurations = (
				E572EB2126D716B8003AC76C /* Debug */,
				E572EB2226D716B8003AC76C /* Release */,
			);
			defaultConfigurationIsVisible = 0;
			defaultConfigurationName = Release;
		};
		E572EB2326D716B9003AC76C /* Build configuration list for PBXNativeTarget "GoogleDriveOriginalURL" */ = {
			isa = XCConfigurationList;
			buildConfigurations = (
				E572EB2426D716B9003AC76C /* Debug */,
				E572EB2526D716B9003AC76C /* Release */,
			);
			defaultConfigurationIsVisible = 0;
			defaultConfigurationName = Release;
		};
		E572EB2626D716B9003AC76C /* Build configuration list for PBXNativeTarget "GoogleDriveOriginalURLTests" */ = {
			isa = XCConfigurationList;
			buildConfigurations = (
				E572EB2726D716B9003AC76C /* Debug */,
				E572EB2826D716B9003AC76C /* Release */,
			);
			defaultConfigurationIsVisible = 0;
			defaultConfigurationName = Release;
		};
		E572EB2926D716B9003AC76C /* Build configuration list for PBXNativeTarget "GoogleDriveOriginalURLUITests" */ = {
			isa = XCConfigurationList;
			buildConfigurations = (
				E572EB2A26D716B9003AC76C /* Debug */,
				E572EB2B26D716B9003AC76C /* Release */,
			);
			defaultConfigurationIsVisible = 0;
			defaultConfigurationName = Release;
		};
/* End XCConfigurationList section */

/* Begin XCRemoteSwiftPackageReference section */
		E572EB3C26D728D6003AC76C /* XCRemoteSwiftPackageReference "Nimble" */ = {
			isa = XCRemoteSwiftPackageReference;
			repositoryURL = "https://github.com/Quick/Nimble";
			requirement = {
				kind = upToNextMajorVersion;
				minimumVersion = 9.2.0;
			};
		};
		E572EB3F26D728E8003AC76C /* XCRemoteSwiftPackageReference "Quick" */ = {
			isa = XCRemoteSwiftPackageReference;
			repositoryURL = "https://github.com/Quick/Quick";
			requirement = {
				kind = upToNextMajorVersion;
				minimumVersion = 4.0.0;
			};
		};
/* End XCRemoteSwiftPackageReference section */

/* Begin XCSwiftPackageProductDependency section */
		E572EB3D26D728D6003AC76C /* Nimble */ = {
			isa = XCSwiftPackageProductDependency;
			package = E572EB3C26D728D6003AC76C /* XCRemoteSwiftPackageReference "Nimble" */;
			productName = Nimble;
		};
		E572EB4026D728E8003AC76C /* Quick */ = {
			isa = XCSwiftPackageProductDependency;
			package = E572EB3F26D728E8003AC76C /* XCRemoteSwiftPackageReference "Quick" */;
			productName = Quick;
		};
/* End XCSwiftPackageProductDependency section */
	};
	rootObject = E572EAF526D716B7003AC76C /* Project object */;
}
